
Microsoft Visual Studio Solution File, Format Version 12.00
# Visual Studio Version 16
VisualStudioVersion = 16.0.29926.136
MinimumVisualStudioVersion = 10.0.40219.1
Project("{E53339B2-1760-4266-BCC7-CA923CBCF16C}") = "docker-compose", "docker-compose.dcproj", "{AA808DB0-9769-4BF3-A06B-B29415362389}"
EndProject
Project("{2150E333-8FDC-42A3-9474-1A3956D46DE8}") = "Common", "Common", "{3317548F-DF96-49E6-A90A-E55D43FE39A9}"
EndProject
Project("{9A19103F-16F7-4668-BE54-9A1E7A4F7556}") = "TOS.Common", "Common\TOS.Common\TOS.Common.csproj", "{205460DC-0E80-4959-82DE-41875D6F3713}"
EndProject
Project("{9A19103F-16F7-4668-BE54-9A1E7A4F7556}") = "TOS.Common.Configuration", "Common\TOS.Common.Configuration\TOS.Common.Configuration.csproj", "{8C7042B2-7F3B-4BE4-B02F-FF9B422D83BB}"
EndProject
Project("{9A19103F-16F7-4668-BE54-9A1E7A4F7556}") = "TOS.Data", "Common\TOS.Data\TOS.Data.csproj", "{84C790AF-EE2A-4D7A-B5C1-ADE917AA049A}"
EndProject
Project("{9A19103F-16F7-4668-BE54-9A1E7A4F7556}") = "TOS.Data.EntityFramework", "Common\TOS.Data.EntityFramework\TOS.Data.EntityFramework.csproj", "{15089B2B-3379-428F-AE9C-CAD287A9827F}"
EndProject
Project("{9A19103F-16F7-4668-BE54-9A1E7A4F7556}") = "TOS.Data.MongoDB", "Common\TOS.Data.MongoDB\TOS.Data.MongoDB.csproj", "{FD44BA31-0AC4-4EFF-9376-5A7D52D095BF}"
EndProject
Project("{9A19103F-16F7-4668-BE54-9A1E7A4F7556}") = "TOS.Extensions.Logging", "Common\TOS.Extensions.Logging\TOS.Extensions.Logging.csproj", "{410CB37D-F5B2-406A-8519-5555E266FEF7}"
EndProject
Project("{9A19103F-16F7-4668-BE54-9A1E7A4F7556}") = "TOS.CQRS", "Common\TOS.CQRS\TOS.CQRS.csproj", "{8B2F534C-49C7-4BDE-94CA-BB2847A5F70A}"
EndProject
Project("{9A19103F-16F7-4668-BE54-9A1E7A4F7556}") = "TOS.Common.MongoDB", "Common\TOS.Common.MongoDB\TOS.Common.MongoDB.csproj", "{2E7AC968-8A10-426F-9259-E075F512C6C1}"
EndProject
Project("{9A19103F-16F7-4668-BE54-9A1E7A4F7556}") = "TOS.Common.Security", "Common\TOS.Common.Security\TOS.Common.Security.csproj", "{95923990-E2D5-4844-929B-0500FFF831A2}"
EndProject
Project("{9A19103F-16F7-4668-BE54-9A1E7A4F7556}") = "TOS.Common.Text.Semantics", "Common\TOS.Common.Text.Semantics\TOS.Common.Text.Semantics.csproj", "{CB3C0265-460D-4AEA-A6EF-8366518B9989}"
EndProject
Project("{9A19103F-16F7-4668-BE54-9A1E7A4F7556}") = "TOS.Common.Security.Tokens", "Common\TOS.Common.Security.Tokens\TOS.Common.Security.Tokens.csproj", "{6B2D3E80-BB10-4584-A4DB-62B5BE08F3F9}"
EndProject
Project("{2150E333-8FDC-42A3-9474-1A3956D46DE8}") = "Tests", "Tests", "{131662B8-ADAA-42E1-BEAA-82A53C984346}"
EndProject
Project("{9A19103F-16F7-4668-BE54-9A1E7A4F7556}") = "TOS.CQRS.Tests", "Common\Tests\TOS.CQRS.Tests\TOS.CQRS.Tests.csproj", "{587300B2-4544-43B1-BC0F-09A0334CBC89}"
EndProject
Project("{2150E333-8FDC-42A3-9474-1A3956D46DE8}") = "EngagementHub", "EngagementHub", "{4AA159DF-568B-4341-8ABE-D6BA5DA52AEA}"
EndProject
Project("{9A19103F-16F7-4668-BE54-9A1E7A4F7556}") = "TOS.Common.DataModel", "Common\TOS.Common.DataModel\TOS.Common.DataModel.csproj", "{5079A940-8C0F-4752-860F-3415B717C306}"
EndProject
Project("{9A19103F-16F7-4668-BE54-9A1E7A4F7556}") = "TOS.EngagementHub.Models", "EngagementHub\TOS.EngagementHub.Models\TOS.EngagementHub.Models.csproj", "{FB1AC905-09B7-4F0D-984D-D5B82F8BC87F}"
EndProject
Project("{9A19103F-16F7-4668-BE54-9A1E7A4F7556}") = "TOS.EngagementHub.Application", "EngagementHub\TOS.EngagementHub.Application\TOS.EngagementHub.Application.csproj", "{C8C40E35-4ECA-449C-AFC2-8EFDF46F5029}"
EndProject
Project("{9A19103F-16F7-4668-BE54-9A1E7A4F7556}") = "TOS.EngagementHub.Data", "EngagementHub\TOS.EngagementHub.Data\TOS.EngagementHub.Data.csproj", "{CFB1A1D4-56C8-41CD-A4BB-D1852849FC4A}"
EndProject
Project("{9A19103F-16F7-4668-BE54-9A1E7A4F7556}") = "TOS.EngagementHub.Web", "EngagementHub\TOS.EngagementHub.Web\TOS.EngagementHub.Web.csproj", "{CFA4AC56-D1E4-477D-B4C7-76AE05CE94FD}"
EndProject
Project("{2150E333-8FDC-42A3-9474-1A3956D46DE8}") = "Tests", "Tests", "{DD83874D-3AAB-468E-956E-705237E3B6DF}"
EndProject
Project("{9A19103F-16F7-4668-BE54-9A1E7A4F7556}") = "TOS.EngagementHub.Application.Tests", "EngagementHub\Tests\TOS.EngagementHub.Application.Tests\TOS.EngagementHub.Application.Tests.csproj", "{CDF648B1-221B-4AF4-8C9A-DE11555DC035}"
EndProject
Project("{9A19103F-16F7-4668-BE54-9A1E7A4F7556}") = "TOS.EngagementHub.Web.Tests", "EngagementHub\Tests\TOS.EngagementHub.Web.Tests\TOS.EngagementHub.Web.Tests.csproj", "{DE318201-D1F3-44F3-A604-29305886D37E}"
EndProject
Project("{9A19103F-16F7-4668-BE54-9A1E7A4F7556}") = "TOS.EngagementHub.Configuration", "EngagementHub\TOS.EngagementHub.Configuration\TOS.EngagementHub.Configuration.csproj", "{DA8EE173-9854-46A4-A00D-6AF0B7D35655}"
EndProject
Project("{9A19103F-16F7-4668-BE54-9A1E7A4F7556}") = "TOS.EngagementHub.DataBase.Config", "EngagementHub\TOS.EngagementHub.DataBase.Config\TOS.EngagementHub.DataBase.Config.csproj", "{BFEC4D87-178C-41CC-A701-1E1597AB0890}"
EndProject
Project("{9A19103F-16F7-4668-BE54-9A1E7A4F7556}") = "TOS.Messaging", "Common\TOS.Messaging\TOS.Messaging.csproj", "{D84BD726-828E-409C-9DE1-A9231A75B2E7}"
EndProject
Project("{9A19103F-16F7-4668-BE54-9A1E7A4F7556}") = "TOS.Messaging.ServiceBus", "Common\TOS.Messaging.ServiceBus\TOS.Messaging.ServiceBus.csproj", "{E59AE15C-7A2D-4230-8539-EA00129D488F}"
EndProject
Project("{9A19103F-16F7-4668-BE54-9A1E7A4F7556}") = "TOS.Messaging.Kafka", "Common\TOS.Messaging.Kafka\TOS.Messaging.Kafka.csproj", "{CB57B1D7-47C5-417A-B3AF-311F4B631C6C}"
EndProject
Global
	GlobalSection(SolutionConfigurationPlatforms) = preSolution
		Debug|Any CPU = Debug|Any CPU
		Release|Any CPU = Release|Any CPU
	EndGlobalSection
	GlobalSection(ProjectConfigurationPlatforms) = postSolution
		{AA808DB0-9769-4BF3-A06B-B29415362389}.Debug|Any CPU.ActiveCfg = Debug|Any CPU
		{AA808DB0-9769-4BF3-A06B-B29415362389}.Debug|Any CPU.Build.0 = Debug|Any CPU
		{AA808DB0-9769-4BF3-A06B-B29415362389}.Release|Any CPU.ActiveCfg = Release|Any CPU
		{AA808DB0-9769-4BF3-A06B-B29415362389}.Release|Any CPU.Build.0 = Release|Any CPU
		{205460DC-0E80-4959-82DE-41875D6F3713}.Debug|Any CPU.ActiveCfg = Debug|Any CPU
		{205460DC-0E80-4959-82DE-41875D6F3713}.Debug|Any CPU.Build.0 = Debug|Any CPU
		{205460DC-0E80-4959-82DE-41875D6F3713}.Release|Any CPU.ActiveCfg = Release|Any CPU
		{205460DC-0E80-4959-82DE-41875D6F3713}.Release|Any CPU.Build.0 = Release|Any CPU
		{8C7042B2-7F3B-4BE4-B02F-FF9B422D83BB}.Debug|Any CPU.ActiveCfg = Debug|Any CPU
		{8C7042B2-7F3B-4BE4-B02F-FF9B422D83BB}.Debug|Any CPU.Build.0 = Debug|Any CPU
		{8C7042B2-7F3B-4BE4-B02F-FF9B422D83BB}.Release|Any CPU.ActiveCfg = Release|Any CPU
		{8C7042B2-7F3B-4BE4-B02F-FF9B422D83BB}.Release|Any CPU.Build.0 = Release|Any CPU
		{84C790AF-EE2A-4D7A-B5C1-ADE917AA049A}.Debug|Any CPU.ActiveCfg = Debug|Any CPU
		{84C790AF-EE2A-4D7A-B5C1-ADE917AA049A}.Debug|Any CPU.Build.0 = Debug|Any CPU
		{84C790AF-EE2A-4D7A-B5C1-ADE917AA049A}.Release|Any CPU.ActiveCfg = Release|Any CPU
		{84C790AF-EE2A-4D7A-B5C1-ADE917AA049A}.Release|Any CPU.Build.0 = Release|Any CPU
		{15089B2B-3379-428F-AE9C-CAD287A9827F}.Debug|Any CPU.ActiveCfg = Debug|Any CPU
		{15089B2B-3379-428F-AE9C-CAD287A9827F}.Debug|Any CPU.Build.0 = Debug|Any CPU
		{15089B2B-3379-428F-AE9C-CAD287A9827F}.Release|Any CPU.ActiveCfg = Release|Any CPU
		{15089B2B-3379-428F-AE9C-CAD287A9827F}.Release|Any CPU.Build.0 = Release|Any CPU
		{FD44BA31-0AC4-4EFF-9376-5A7D52D095BF}.Debug|Any CPU.ActiveCfg = Debug|Any CPU
		{FD44BA31-0AC4-4EFF-9376-5A7D52D095BF}.Debug|Any CPU.Build.0 = Debug|Any CPU
		{FD44BA31-0AC4-4EFF-9376-5A7D52D095BF}.Release|Any CPU.ActiveCfg = Release|Any CPU
		{FD44BA31-0AC4-4EFF-9376-5A7D52D095BF}.Release|Any CPU.Build.0 = Release|Any CPU
		{410CB37D-F5B2-406A-8519-5555E266FEF7}.Debug|Any CPU.ActiveCfg = Debug|Any CPU
		{410CB37D-F5B2-406A-8519-5555E266FEF7}.Debug|Any CPU.Build.0 = Debug|Any CPU
		{410CB37D-F5B2-406A-8519-5555E266FEF7}.Release|Any CPU.ActiveCfg = Release|Any CPU
		{410CB37D-F5B2-406A-8519-5555E266FEF7}.Release|Any CPU.Build.0 = Release|Any CPU
		{8B2F534C-49C7-4BDE-94CA-BB2847A5F70A}.Debug|Any CPU.ActiveCfg = Debug|Any CPU
		{8B2F534C-49C7-4BDE-94CA-BB2847A5F70A}.Debug|Any CPU.Build.0 = Debug|Any CPU
		{8B2F534C-49C7-4BDE-94CA-BB2847A5F70A}.Release|Any CPU.ActiveCfg = Release|Any CPU
		{8B2F534C-49C7-4BDE-94CA-BB2847A5F70A}.Release|Any CPU.Build.0 = Release|Any CPU
		{2E7AC968-8A10-426F-9259-E075F512C6C1}.Debug|Any CPU.ActiveCfg = Debug|Any CPU
		{2E7AC968-8A10-426F-9259-E075F512C6C1}.Debug|Any CPU.Build.0 = Debug|Any CPU
		{2E7AC968-8A10-426F-9259-E075F512C6C1}.Release|Any CPU.ActiveCfg = Release|Any CPU
		{2E7AC968-8A10-426F-9259-E075F512C6C1}.Release|Any CPU.Build.0 = Release|Any CPU
		{95923990-E2D5-4844-929B-0500FFF831A2}.Debug|Any CPU.ActiveCfg = Debug|Any CPU
		{95923990-E2D5-4844-929B-0500FFF831A2}.Debug|Any CPU.Build.0 = Debug|Any CPU
		{95923990-E2D5-4844-929B-0500FFF831A2}.Release|Any CPU.ActiveCfg = Release|Any CPU
		{95923990-E2D5-4844-929B-0500FFF831A2}.Release|Any CPU.Build.0 = Release|Any CPU
		{CB3C0265-460D-4AEA-A6EF-8366518B9989}.Debug|Any CPU.ActiveCfg = Debug|Any CPU
		{CB3C0265-460D-4AEA-A6EF-8366518B9989}.Debug|Any CPU.Build.0 = Debug|Any CPU
		{CB3C0265-460D-4AEA-A6EF-8366518B9989}.Release|Any CPU.ActiveCfg = Release|Any CPU
		{CB3C0265-460D-4AEA-A6EF-8366518B9989}.Release|Any CPU.Build.0 = Release|Any CPU
		{6B2D3E80-BB10-4584-A4DB-62B5BE08F3F9}.Debug|Any CPU.ActiveCfg = Debug|Any CPU
		{6B2D3E80-BB10-4584-A4DB-62B5BE08F3F9}.Debug|Any CPU.Build.0 = Debug|Any CPU
		{6B2D3E80-BB10-4584-A4DB-62B5BE08F3F9}.Release|Any CPU.ActiveCfg = Release|Any CPU
		{6B2D3E80-BB10-4584-A4DB-62B5BE08F3F9}.Release|Any CPU.Build.0 = Release|Any CPU
		{587300B2-4544-43B1-BC0F-09A0334CBC89}.Debug|Any CPU.ActiveCfg = Debug|Any CPU
		{587300B2-4544-43B1-BC0F-09A0334CBC89}.Debug|Any CPU.Build.0 = Debug|Any CPU
		{587300B2-4544-43B1-BC0F-09A0334CBC89}.Release|Any CPU.ActiveCfg = Release|Any CPU
		{587300B2-4544-43B1-BC0F-09A0334CBC89}.Release|Any CPU.Build.0 = Release|Any CPU
		{5079A940-8C0F-4752-860F-3415B717C306}.Debug|Any CPU.ActiveCfg = Debug|Any CPU
		{5079A940-8C0F-4752-860F-3415B717C306}.Debug|Any CPU.Build.0 = Debug|Any CPU
		{5079A940-8C0F-4752-860F-3415B717C306}.Release|Any CPU.ActiveCfg = Release|Any CPU
		{5079A940-8C0F-4752-860F-3415B717C306}.Release|Any CPU.Build.0 = Release|Any CPU
		{FB1AC905-09B7-4F0D-984D-D5B82F8BC87F}.Debug|Any CPU.ActiveCfg = Debug|Any CPU
		{FB1AC905-09B7-4F0D-984D-D5B82F8BC87F}.Debug|Any CPU.Build.0 = Debug|Any CPU
		{FB1AC905-09B7-4F0D-984D-D5B82F8BC87F}.Release|Any CPU.ActiveCfg = Release|Any CPU
		{FB1AC905-09B7-4F0D-984D-D5B82F8BC87F}.Release|Any CPU.Build.0 = Release|Any CPU
		{C8C40E35-4ECA-449C-AFC2-8EFDF46F5029}.Debug|Any CPU.ActiveCfg = Debug|Any CPU
		{C8C40E35-4ECA-449C-AFC2-8EFDF46F5029}.Debug|Any CPU.Build.0 = Debug|Any CPU
		{C8C40E35-4ECA-449C-AFC2-8EFDF46F5029}.Release|Any CPU.ActiveCfg = Release|Any CPU
		{C8C40E35-4ECA-449C-AFC2-8EFDF46F5029}.Release|Any CPU.Build.0 = Release|Any CPU
		{CFB1A1D4-56C8-41CD-A4BB-D1852849FC4A}.Debug|Any CPU.ActiveCfg = Debug|Any CPU
		{CFB1A1D4-56C8-41CD-A4BB-D1852849FC4A}.Debug|Any CPU.Build.0 = Debug|Any CPU
		{CFB1A1D4-56C8-41CD-A4BB-D1852849FC4A}.Release|Any CPU.ActiveCfg = Release|Any CPU
		{CFB1A1D4-56C8-41CD-A4BB-D1852849FC4A}.Release|Any CPU.Build.0 = Release|Any CPU
		{CFA4AC56-D1E4-477D-B4C7-76AE05CE94FD}.Debug|Any CPU.ActiveCfg = Debug|Any CPU
		{CFA4AC56-D1E4-477D-B4C7-76AE05CE94FD}.Debug|Any CPU.Build.0 = Debug|Any CPU
		{CFA4AC56-D1E4-477D-B4C7-76AE05CE94FD}.Release|Any CPU.ActiveCfg = Release|Any CPU
		{CFA4AC56-D1E4-477D-B4C7-76AE05CE94FD}.Release|Any CPU.Build.0 = Release|Any CPU
		{CDF648B1-221B-4AF4-8C9A-DE11555DC035}.Debug|Any CPU.ActiveCfg = Debug|Any CPU
		{CDF648B1-221B-4AF4-8C9A-DE11555DC035}.Debug|Any CPU.Build.0 = Debug|Any CPU
		{CDF648B1-221B-4AF4-8C9A-DE11555DC035}.Release|Any CPU.ActiveCfg = Release|Any CPU
		{CDF648B1-221B-4AF4-8C9A-DE11555DC035}.Release|Any CPU.Build.0 = Release|Any CPU
		{DE318201-D1F3-44F3-A604-29305886D37E}.Debug|Any CPU.ActiveCfg = Debug|Any CPU
		{DE318201-D1F3-44F3-A604-29305886D37E}.Debug|Any CPU.Build.0 = Debug|Any CPU
		{DE318201-D1F3-44F3-A604-29305886D37E}.Release|Any CPU.ActiveCfg = Release|Any CPU
		{DE318201-D1F3-44F3-A604-29305886D37E}.Release|Any CPU.Build.0 = Release|Any CPU
		{DA8EE173-9854-46A4-A00D-6AF0B7D35655}.Debug|Any CPU.ActiveCfg = Debug|Any CPU
		{DA8EE173-9854-46A4-A00D-6AF0B7D35655}.Debug|Any CPU.Build.0 = Debug|Any CPU
		{DA8EE173-9854-46A4-A00D-6AF0B7D35655}.Release|Any CPU.ActiveCfg = Release|Any CPU
		{DA8EE173-9854-46A4-A00D-6AF0B7D35655}.Release|Any CPU.Build.0 = Release|Any CPU
		{BFEC4D87-178C-41CC-A701-1E1597AB0890}.Debug|Any CPU.ActiveCfg = Debug|Any CPU
		{BFEC4D87-178C-41CC-A701-1E1597AB0890}.Debug|Any CPU.Build.0 = Debug|Any CPU
		{BFEC4D87-178C-41CC-A701-1E1597AB0890}.Release|Any CPU.ActiveCfg = Release|Any CPU
		{BFEC4D87-178C-41CC-A701-1E1597AB0890}.Release|Any CPU.Build.0 = Release|Any CPU
		{D84BD726-828E-409C-9DE1-A9231A75B2E7}.Debug|Any CPU.ActiveCfg = Debug|Any CPU
		{D84BD726-828E-409C-9DE1-A9231A75B2E7}.Debug|Any CPU.Build.0 = Debug|Any CPU
		{D84BD726-828E-409C-9DE1-A9231A75B2E7}.Release|Any CPU.ActiveCfg = Release|Any CPU
		{D84BD726-828E-409C-9DE1-A9231A75B2E7}.Release|Any CPU.Build.0 = Release|Any CPU
		{E59AE15C-7A2D-4230-8539-EA00129D488F}.Debug|Any CPU.ActiveCfg = Debug|Any CPU
		{E59AE15C-7A2D-4230-8539-EA00129D488F}.Debug|Any CPU.Build.0 = Debug|Any CPU
		{E59AE15C-7A2D-4230-8539-EA00129D488F}.Release|Any CPU.ActiveCfg = Release|Any CPU
		{E59AE15C-7A2D-4230-8539-EA00129D488F}.Release|Any CPU.Build.0 = Release|Any CPU
		{CB57B1D7-47C5-417A-B3AF-311F4B631C6C}.Debug|Any CPU.ActiveCfg = Debug|Any CPU
		{CB57B1D7-47C5-417A-B3AF-311F4B631C6C}.Debug|Any CPU.Build.0 = Debug|Any CPU
		{CB57B1D7-47C5-417A-B3AF-311F4B631C6C}.Release|Any CPU.ActiveCfg = Release|Any CPU
		{CB57B1D7-47C5-417A-B3AF-311F4B631C6C}.Release|Any CPU.Build.0 = Release|Any CPU
	EndGlobalSection
	GlobalSection(SolutionProperties) = preSolution
		HideSolutionNode = FALSE
	EndGlobalSection
	GlobalSection(NestedProjects) = preSolution
		{205460DC-0E80-4959-82DE-41875D6F3713} = {3317548F-DF96-49E6-A90A-E55D43FE39A9}
		{8C7042B2-7F3B-4BE4-B02F-FF9B422D83BB} = {3317548F-DF96-49E6-A90A-E55D43FE39A9}
		{84C790AF-EE2A-4D7A-B5C1-ADE917AA049A} = {3317548F-DF96-49E6-A90A-E55D43FE39A9}
		{15089B2B-3379-428F-AE9C-CAD287A9827F} = {3317548F-DF96-49E6-A90A-E55D43FE39A9}
		{FD44BA31-0AC4-4EFF-9376-5A7D52D095BF} = {3317548F-DF96-49E6-A90A-E55D43FE39A9}
		{410CB37D-F5B2-406A-8519-5555E266FEF7} = {3317548F-DF96-49E6-A90A-E55D43FE39A9}
		{8B2F534C-49C7-4BDE-94CA-BB2847A5F70A} = {3317548F-DF96-49E6-A90A-E55D43FE39A9}
		{2E7AC968-8A10-426F-9259-E075F512C6C1} = {3317548F-DF96-49E6-A90A-E55D43FE39A9}
		{95923990-E2D5-4844-929B-0500FFF831A2} = {3317548F-DF96-49E6-A90A-E55D43FE39A9}
		{CB3C0265-460D-4AEA-A6EF-8366518B9989} = {3317548F-DF96-49E6-A90A-E55D43FE39A9}
		{6B2D3E80-BB10-4584-A4DB-62B5BE08F3F9} = {3317548F-DF96-49E6-A90A-E55D43FE39A9}
		{131662B8-ADAA-42E1-BEAA-82A53C984346} = {3317548F-DF96-49E6-A90A-E55D43FE39A9}
		{587300B2-4544-43B1-BC0F-09A0334CBC89} = {131662B8-ADAA-42E1-BEAA-82A53C984346}
		{5079A940-8C0F-4752-860F-3415B717C306} = {3317548F-DF96-49E6-A90A-E55D43FE39A9}
		{FB1AC905-09B7-4F0D-984D-D5B82F8BC87F} = {4AA159DF-568B-4341-8ABE-D6BA5DA52AEA}
		{C8C40E35-4ECA-449C-AFC2-8EFDF46F5029} = {4AA159DF-568B-4341-8ABE-D6BA5DA52AEA}
		{CFB1A1D4-56C8-41CD-A4BB-D1852849FC4A} = {4AA159DF-568B-4341-8ABE-D6BA5DA52AEA}
		{CFA4AC56-D1E4-477D-B4C7-76AE05CE94FD} = {4AA159DF-568B-4341-8ABE-D6BA5DA52AEA}
		{DD83874D-3AAB-468E-956E-705237E3B6DF} = {4AA159DF-568B-4341-8ABE-D6BA5DA52AEA}
		{CDF648B1-221B-4AF4-8C9A-DE11555DC035} = {DD83874D-3AAB-468E-956E-705237E3B6DF}
		{DE318201-D1F3-44F3-A604-29305886D37E} = {DD83874D-3AAB-468E-956E-705237E3B6DF}
		{DA8EE173-9854-46A4-A00D-6AF0B7D35655} = {4AA159DF-568B-4341-8ABE-D6BA5DA52AEA}
		{BFEC4D87-178C-41CC-A701-1E1597AB0890} = {4AA159DF-568B-4341-8ABE-D6BA5DA52AEA}
		{D84BD726-828E-409C-9DE1-A9231A75B2E7} = {3317548F-DF96-49E6-A90A-E55D43FE39A9}
		{E59AE15C-7A2D-4230-8539-EA00129D488F} = {3317548F-DF96-49E6-A90A-E55D43FE39A9}
		{CB57B1D7-47C5-417A-B3AF-311F4B631C6C} = {3317548F-DF96-49E6-A90A-E55D43FE39A9}
	EndGlobalSection
	GlobalSection(ExtensibilityGlobals) = postSolution
		SolutionGuid = {FA561BC5-EF81-437F-986C-36238131E7F7}
	EndGlobalSection
EndGlobal
